
Microsoft Visual Studio Solution File, Format Version 12.00
# Visual Studio 2012
Project("{FAE04EC0-301F-11D3-BF4B-00C04F79EFBC}") = "AngularScores", "AngularScores.csproj", "{4193C60F-D101-4E49-9DBA-C721469A6046}"
EndProject
Global
	GlobalSection(SolutionConfigurationPlatforms) = preSolution
		Debug|Any CPU = Debug|Any CPU
		Release|Any CPU = Release|Any CPU
	EndGlobalSection
	GlobalSection(ProjectConfigurationPlatforms) = postSolution
		{4193C60F-D101-4E49-9DBA-C721469A6046}.Debug|Any CPU.ActiveCfg = Debug|Any CPU
		{4193C60F-D101-4E49-9DBA-C721469A6046}.Debug|Any CPU.Build.0 = Debug|Any CPU
		{4193C60F-D101-4E49-9DBA-C721469A6046}.Release|Any CPU.ActiveCfg = Release|Any CPU
		{4193C60F-D101-4E49-9DBA-C721469A6046}.Release|Any CPU.Build.0 = Release|Any CPU
	EndGlobalSection
	GlobalSection(SolutionProperties) = preSolution
		HideSolutionNode = FALSE
	EndGlobalSection
EndGlobal
